
Microsoft Visual Studio Solution File, Format Version 12.00
# Visual Studio Version 17
VisualStudioVersion = 17.4.33213.308
MinimumVisualStudioVersion = 10.0.40219.1
Project("{9A19103F-16F7-4668-BE54-9A1E7A4F7556}") = "layering", "layering.csproj", "{C2F28580-9E0E-47B4-967C-1BC4D1C703D8}"
EndProject
Project("{FAE04EC0-301F-11D3-BF4B-00C04F79EFBC}") = "ProjTest", "..\ProjTest\ProjTest.csproj", "{65CB320B-5F0C-4EFB-9612-FE8AAB1C8753}"
EndProject
Global
	GlobalSection(SolutionConfigurationPlatforms) = preSolution
		Debug|Any CPU = Debug|Any CPU
		Release|Any CPU = Release|Any CPU
	EndGlobalSection
	GlobalSection(ProjectConfigurationPlatforms) = postSolution
		{C2F28580-9E0E-47B4-967C-1BC4D1C703D8}.Debug|Any CPU.ActiveCfg = Debug|Any CPU
		{C2F28580-9E0E-47B4-967C-1BC4D1C703D8}.Debug|Any CPU.Build.0 = Debug|Any CPU
		{C2F28580-9E0E-47B4-967C-1BC4D1C703D8}.Release|Any CPU.ActiveCfg = Release|Any CPU
		{C2F28580-9E0E-47B4-967C-1BC4D1C703D8}.Release|Any CPU.Build.0 = Release|Any CPU
		{65CB320B-5F0C-4EFB-9612-FE8AAB1C8753}.Debug|Any CPU.ActiveCfg = Debug|Any CPU
		{65CB320B-5F0C-4EFB-9612-FE8AAB1C8753}.Debug|Any CPU.Build.0 = Debug|Any CPU
		{65CB320B-5F0C-4EFB-9612-FE8AAB1C8753}.Release|Any CPU.ActiveCfg = Release|Any CPU
		{65CB320B-5F0C-4EFB-9612-FE8AAB1C8753}.Release|Any CPU.Build.0 = Release|Any CPU
	EndGlobalSection
	GlobalSection(SolutionProperties) = preSolution
		HideSolutionNode = FALSE
	EndGlobalSection
	GlobalSection(ExtensibilityGlobals) = postSolution
		SolutionGuid = {F044576A-15D9-44C5-87B5-31683DB5E559}
	EndGlobalSection
EndGlobal
